
Microsoft Visual Studio Solution File, Format Version 12.00
# Visual Studio 2013
VisualStudioVersion = 12.0.31101.0
MinimumVisualStudioVersion = 10.0.40219.1
Project("{FAE04EC0-301F-11D3-BF4B-00C04F79EFBC}") = "Task1", "Task1\Task1.csproj", "{D9EE78FC-0B9E-4338-9D42-5E0C694BAA14}"
EndProject
Project("{FAE04EC0-301F-11D3-BF4B-00C04F79EFBC}") = "Task2", "Task2\Task2.csproj", "{1B280457-766C-470A-B618-717CC90ECDA5}"
EndProject
Project("{FAE04EC0-301F-11D3-BF4B-00C04F79EFBC}") = "Task3", "Task3\Task3.csproj", "{E338DA23-FE43-4BF1-A13B-24CEB61DEBF3}"
EndProject
Global
	GlobalSection(SolutionConfigurationPlatforms) = preSolution
		Debug|Any CPU = Debug|Any CPU
		Release|Any CPU = Release|Any CPU
	EndGlobalSection
	GlobalSection(ProjectConfigurationPlatforms) = postSolution
		{D9EE78FC-0B9E-4338-9D42-5E0C694BAA14}.Debug|Any CPU.ActiveCfg = Debug|Any CPU
		{D9EE78FC-0B9E-4338-9D42-5E0C694BAA14}.Debug|Any CPU.Build.0 = Debug|Any CPU
		{D9EE78FC-0B9E-4338-9D42-5E0C694BAA14}.Release|Any CPU.ActiveCfg = Release|Any CPU
		{D9EE78FC-0B9E-4338-9D42-5E0C694BAA14}.Release|Any CPU.Build.0 = Release|Any CPU
		{1B280457-766C-470A-B618-717CC90ECDA5}.Debug|Any CPU.ActiveCfg = Debug|Any CPU
		{1B280457-766C-470A-B618-717CC90ECDA5}.Debug|Any CPU.Build.0 = Debug|Any CPU
		{1B280457-766C-470A-B618-717CC90ECDA5}.Release|Any CPU.ActiveCfg = Release|Any CPU
		{1B280457-766C-470A-B618-717CC90ECDA5}.Release|Any CPU.Build.0 = Release|Any CPU
		{E338DA23-FE43-4BF1-A13B-24CEB61DEBF3}.Debug|Any CPU.ActiveCfg = Debug|Any CPU
		{E338DA23-FE43-4BF1-A13B-24CEB61DEBF3}.Debug|Any CPU.Build.0 = Debug|Any CPU
		{E338DA23-FE43-4BF1-A13B-24CEB61DEBF3}.Release|Any CPU.ActiveCfg = Release|Any CPU
		{E338DA23-FE43-4BF1-A13B-24CEB61DEBF3}.Release|Any CPU.Build.0 = Release|Any CPU
	EndGlobalSection
	GlobalSection(SolutionProperties) = preSolution
		HideSolutionNode = FALSE
	EndGlobalSection
EndGlobal
