
Microsoft Visual Studio Solution File, Format Version 12.00
# Visual Studio 2013
VisualStudioVersion = 12.0.31101.0
MinimumVisualStudioVersion = 10.0.40219.1
Project("{FAE04EC0-301F-11D3-BF4B-00C04F79EFBC}") = "Task1", "Task1\Task1.csproj", "{E2772403-95D0-4111-88B4-2B6167B7145A}"
EndProject
Project("{FAE04EC0-301F-11D3-BF4B-00C04F79EFBC}") = "Task2", "Task2\Task2.csproj", "{EB75A9E5-171D-49F3-A81E-C2CD30CED144}"
EndProject
Project("{FAE04EC0-301F-11D3-BF4B-00C04F79EFBC}") = "Task3", "Task3\Task3.csproj", "{5FBE9112-93B6-4984-A599-A5B57B773AB5}"
EndProject
Global
	GlobalSection(SolutionConfigurationPlatforms) = preSolution
		Debug|Any CPU = Debug|Any CPU
		Release|Any CPU = Release|Any CPU
	EndGlobalSection
	GlobalSection(ProjectConfigurationPlatforms) = postSolution
		{E2772403-95D0-4111-88B4-2B6167B7145A}.Debug|Any CPU.ActiveCfg = Debug|Any CPU
		{E2772403-95D0-4111-88B4-2B6167B7145A}.Debug|Any CPU.Build.0 = Debug|Any CPU
		{E2772403-95D0-4111-88B4-2B6167B7145A}.Release|Any CPU.ActiveCfg = Release|Any CPU
		{E2772403-95D0-4111-88B4-2B6167B7145A}.Release|Any CPU.Build.0 = Release|Any CPU
		{EB75A9E5-171D-49F3-A81E-C2CD30CED144}.Debug|Any CPU.ActiveCfg = Debug|Any CPU
		{EB75A9E5-171D-49F3-A81E-C2CD30CED144}.Debug|Any CPU.Build.0 = Debug|Any CPU
		{EB75A9E5-171D-49F3-A81E-C2CD30CED144}.Release|Any CPU.ActiveCfg = Release|Any CPU
		{EB75A9E5-171D-49F3-A81E-C2CD30CED144}.Release|Any CPU.Build.0 = Release|Any CPU
		{5FBE9112-93B6-4984-A599-A5B57B773AB5}.Debug|Any CPU.ActiveCfg = Debug|Any CPU
		{5FBE9112-93B6-4984-A599-A5B57B773AB5}.Debug|Any CPU.Build.0 = Debug|Any CPU
		{5FBE9112-93B6-4984-A599-A5B57B773AB5}.Release|Any CPU.ActiveCfg = Release|Any CPU
		{5FBE9112-93B6-4984-A599-A5B57B773AB5}.Release|Any CPU.Build.0 = Release|Any CPU
	EndGlobalSection
	GlobalSection(SolutionProperties) = preSolution
		HideSolutionNode = FALSE
	EndGlobalSection
EndGlobal
