
Microsoft Visual Studio Solution File, Format Version 12.00
# Visual Studio 2013
VisualStudioVersion = 12.0.31101.0
MinimumVisualStudioVersion = 10.0.40219.1
Project("{FAE04EC0-301F-11D3-BF4B-00C04F79EFBC}") = "Switch", "Switch\Switch.csproj", "{0B72EF32-AD2C-45AD-B3A4-197E94AB8179}"
EndProject
Project("{FAE04EC0-301F-11D3-BF4B-00C04F79EFBC}") = "IfElse", "IfElse\IfElse.csproj", "{B8860DF9-3A1F-446D-B16B-05F247C505FE}"
EndProject
Global
	GlobalSection(SolutionConfigurationPlatforms) = preSolution
		Debug|Any CPU = Debug|Any CPU
		Release|Any CPU = Release|Any CPU
	EndGlobalSection
	GlobalSection(ProjectConfigurationPlatforms) = postSolution
		{0B72EF32-AD2C-45AD-B3A4-197E94AB8179}.Debug|Any CPU.ActiveCfg = Debug|Any CPU
		{0B72EF32-AD2C-45AD-B3A4-197E94AB8179}.Debug|Any CPU.Build.0 = Debug|Any CPU
		{0B72EF32-AD2C-45AD-B3A4-197E94AB8179}.Release|Any CPU.ActiveCfg = Release|Any CPU
		{0B72EF32-AD2C-45AD-B3A4-197E94AB8179}.Release|Any CPU.Build.0 = Release|Any CPU
		{B8860DF9-3A1F-446D-B16B-05F247C505FE}.Debug|Any CPU.ActiveCfg = Debug|Any CPU
		{B8860DF9-3A1F-446D-B16B-05F247C505FE}.Debug|Any CPU.Build.0 = Debug|Any CPU
		{B8860DF9-3A1F-446D-B16B-05F247C505FE}.Release|Any CPU.ActiveCfg = Release|Any CPU
		{B8860DF9-3A1F-446D-B16B-05F247C505FE}.Release|Any CPU.Build.0 = Release|Any CPU
	EndGlobalSection
	GlobalSection(SolutionProperties) = preSolution
		HideSolutionNode = FALSE
	EndGlobalSection
EndGlobal
