
Microsoft Visual Studio Solution File, Format Version 12.00
# Visual Studio 2013
VisualStudioVersion = 12.0.31101.0
MinimumVisualStudioVersion = 10.0.40219.1
Project("{FAE04EC0-301F-11D3-BF4B-00C04F79EFBC}") = "Task1", "Task1\Task1.csproj", "{A00E40B7-4349-4A47-A46D-080B376FFEB1}"
EndProject
Project("{FAE04EC0-301F-11D3-BF4B-00C04F79EFBC}") = "Task2", "Task2\Task2.csproj", "{29C31DE2-00A6-414E-9F2A-8841D26C86EB}"
EndProject
Project("{FAE04EC0-301F-11D3-BF4B-00C04F79EFBC}") = "Task3", "Task3\Task3.csproj", "{6F59A694-9190-468B-BEAE-2A2ADF3206AB}"
EndProject
Project("{FAE04EC0-301F-11D3-BF4B-00C04F79EFBC}") = "Task4", "Task4\Task4.csproj", "{9FB75DE1-5FE7-431E-A5D5-03E87BD10737}"
EndProject
Project("{FAE04EC0-301F-11D3-BF4B-00C04F79EFBC}") = "Task5", "Task5\Task5.csproj", "{319F7094-EE1E-4878-8A3A-E9E23DAFBA5B}"
EndProject
Project("{FAE04EC0-301F-11D3-BF4B-00C04F79EFBC}") = "Task6", "Task6\Task6.csproj", "{116D0923-1186-481C-B86D-D02090F103AA}"
EndProject
Global
	GlobalSection(SolutionConfigurationPlatforms) = preSolution
		Debug|Any CPU = Debug|Any CPU
		Release|Any CPU = Release|Any CPU
	EndGlobalSection
	GlobalSection(ProjectConfigurationPlatforms) = postSolution
		{A00E40B7-4349-4A47-A46D-080B376FFEB1}.Debug|Any CPU.ActiveCfg = Debug|Any CPU
		{A00E40B7-4349-4A47-A46D-080B376FFEB1}.Debug|Any CPU.Build.0 = Debug|Any CPU
		{A00E40B7-4349-4A47-A46D-080B376FFEB1}.Release|Any CPU.ActiveCfg = Release|Any CPU
		{A00E40B7-4349-4A47-A46D-080B376FFEB1}.Release|Any CPU.Build.0 = Release|Any CPU
		{29C31DE2-00A6-414E-9F2A-8841D26C86EB}.Debug|Any CPU.ActiveCfg = Debug|Any CPU
		{29C31DE2-00A6-414E-9F2A-8841D26C86EB}.Debug|Any CPU.Build.0 = Debug|Any CPU
		{29C31DE2-00A6-414E-9F2A-8841D26C86EB}.Release|Any CPU.ActiveCfg = Release|Any CPU
		{29C31DE2-00A6-414E-9F2A-8841D26C86EB}.Release|Any CPU.Build.0 = Release|Any CPU
		{6F59A694-9190-468B-BEAE-2A2ADF3206AB}.Debug|Any CPU.ActiveCfg = Debug|Any CPU
		{6F59A694-9190-468B-BEAE-2A2ADF3206AB}.Debug|Any CPU.Build.0 = Debug|Any CPU
		{6F59A694-9190-468B-BEAE-2A2ADF3206AB}.Release|Any CPU.ActiveCfg = Release|Any CPU
		{6F59A694-9190-468B-BEAE-2A2ADF3206AB}.Release|Any CPU.Build.0 = Release|Any CPU
		{9FB75DE1-5FE7-431E-A5D5-03E87BD10737}.Debug|Any CPU.ActiveCfg = Debug|Any CPU
		{9FB75DE1-5FE7-431E-A5D5-03E87BD10737}.Debug|Any CPU.Build.0 = Debug|Any CPU
		{9FB75DE1-5FE7-431E-A5D5-03E87BD10737}.Release|Any CPU.ActiveCfg = Release|Any CPU
		{9FB75DE1-5FE7-431E-A5D5-03E87BD10737}.Release|Any CPU.Build.0 = Release|Any CPU
		{319F7094-EE1E-4878-8A3A-E9E23DAFBA5B}.Debug|Any CPU.ActiveCfg = Debug|Any CPU
		{319F7094-EE1E-4878-8A3A-E9E23DAFBA5B}.Debug|Any CPU.Build.0 = Debug|Any CPU
		{319F7094-EE1E-4878-8A3A-E9E23DAFBA5B}.Release|Any CPU.ActiveCfg = Release|Any CPU
		{319F7094-EE1E-4878-8A3A-E9E23DAFBA5B}.Release|Any CPU.Build.0 = Release|Any CPU
		{116D0923-1186-481C-B86D-D02090F103AA}.Debug|Any CPU.ActiveCfg = Debug|Any CPU
		{116D0923-1186-481C-B86D-D02090F103AA}.Debug|Any CPU.Build.0 = Debug|Any CPU
		{116D0923-1186-481C-B86D-D02090F103AA}.Release|Any CPU.ActiveCfg = Release|Any CPU
		{116D0923-1186-481C-B86D-D02090F103AA}.Release|Any CPU.Build.0 = Release|Any CPU
	EndGlobalSection
	GlobalSection(SolutionProperties) = preSolution
		HideSolutionNode = FALSE
	EndGlobalSection
EndGlobal
